
Microsoft Visual Studio Solution File, Format Version 12.00
# Visual Studio Version 16
VisualStudioVersion = 16.0.29728.190
MinimumVisualStudioVersion = 10.0.40219.1
Project("{FAE04EC0-301F-11D3-BF4B-00C04F79EFBC}") = "DataLayer", "workshop\DataLayer.csproj", "{3CCF9174-6B56-4438-B88F-36EB869878A2}"
EndProject
Project("{FAE04EC0-301F-11D3-BF4B-00C04F79EFBC}") = "PresentationLayer_WinForms", "PresentationLayer_WinForms\PresentationLayer_WinForms.csproj", "{477C33E8-BD3B-40C7-A4D8-69BB4C6EDE47}"
EndProject
Project("{FAE04EC0-301F-11D3-BF4B-00C04F79EFBC}") = "BusinessLayer", "BusinessLayer\BusinessLayer.csproj", "{C0586CAC-98E8-467D-90F6-5F8267D19089}"
EndProject
Global
	GlobalSection(SolutionConfigurationPlatforms) = preSolution
		Debug|Any CPU = Debug|Any CPU
		Release|Any CPU = Release|Any CPU
	EndGlobalSection
	GlobalSection(ProjectConfigurationPlatforms) = postSolution
		{3CCF9174-6B56-4438-B88F-36EB869878A2}.Debug|Any CPU.ActiveCfg = Debug|Any CPU
		{3CCF9174-6B56-4438-B88F-36EB869878A2}.Debug|Any CPU.Build.0 = Debug|Any CPU
		{3CCF9174-6B56-4438-B88F-36EB869878A2}.Release|Any CPU.ActiveCfg = Release|Any CPU
		{3CCF9174-6B56-4438-B88F-36EB869878A2}.Release|Any CPU.Build.0 = Release|Any CPU
		{477C33E8-BD3B-40C7-A4D8-69BB4C6EDE47}.Debug|Any CPU.ActiveCfg = Debug|Any CPU
		{477C33E8-BD3B-40C7-A4D8-69BB4C6EDE47}.Debug|Any CPU.Build.0 = Debug|Any CPU
		{477C33E8-BD3B-40C7-A4D8-69BB4C6EDE47}.Release|Any CPU.ActiveCfg = Release|Any CPU
		{477C33E8-BD3B-40C7-A4D8-69BB4C6EDE47}.Release|Any CPU.Build.0 = Release|Any CPU
		{C0586CAC-98E8-467D-90F6-5F8267D19089}.Debug|Any CPU.ActiveCfg = Debug|Any CPU
		{C0586CAC-98E8-467D-90F6-5F8267D19089}.Debug|Any CPU.Build.0 = Debug|Any CPU
		{C0586CAC-98E8-467D-90F6-5F8267D19089}.Release|Any CPU.ActiveCfg = Release|Any CPU
		{C0586CAC-98E8-467D-90F6-5F8267D19089}.Release|Any CPU.Build.0 = Release|Any CPU
	EndGlobalSection
	GlobalSection(SolutionProperties) = preSolution
		HideSolutionNode = FALSE
	EndGlobalSection
	GlobalSection(ExtensibilityGlobals) = postSolution
		SolutionGuid = {BBA740F2-EDE3-4B73-BC8B-9DEC8223272C}
	EndGlobalSection
EndGlobal
